<?xml version="1.0" encoding="utf-8"?>
<Project ToolsVersion="4.0" xmlns="http://schemas.microsoft.com/developer/msbuild/2003">
  <ItemGroup>
    <Filter Include="Source Files">
      <UniqueIdentifier>{4FC737F1-C7A5-4376-A066-2A32D752A2FF}</UniqueIdentifier>
      <Extensions>cpp;c;cc;cxx;c++;def;odl;idl;hpj;bat;asm;asmx</Extensions>
    </Filter>
    <Filter Include="Header Files">
      <UniqueIdentifier>{93995380-89BD-4b04-88EB-625FBE52EBFB}</UniqueIdentifier>
      <Extensions>h;hh;hpp;hxx;h++;hm;inl;inc;ipp;xsd</Extensions>
    </Filter>
    <Filter Include="Resource Files">
      <UniqueIdentifier>{67DA6AB6-F800-4c08-8B7A-83BB121AAD01}</UniqueIdentifier>
      <Extensions>rc;ico;cur;bmp;dlg;rc2;rct;bin;rgs;gif;jpg;jpeg;jpe;resx;tiff;tif;png;wav;mfcribbon-ms</Extensions>
    </Filter>
    <Filter Include="Resource Files\Music">
      <UniqueIdentifier>{71bc9c14-9f1f-4def-b3e9-f198ded41efe}</UniqueIdentifier>
    </Filter>
    <Filter Include="Resource Files\MenuVideoFrames">
      <UniqueIdentifier>{c0aac031-91a7-4183-8a53-1c9317c3bcdc}</UniqueIdentifier>
    </Filter>
  </ItemGroup>
  <ItemGroup>
    <ClInclude Include="olcPixelGameEngine.h">
      <Filter>Header Files</Filter>
    </ClInclude>
    <ClInclude Include="olcPGEX_Sound.h">
      <Filter>Header Files</Filter>
    </ClInclude>
  </ItemGroup>
  <ItemGroup>
    <ClCompile Include="olcPixelGameEngine.cpp">
      <Filter>Source Files</Filter>
    </ClCompile>
    <ClCompile Include="ResourceMatrix.cpp">
      <Filter>Source Files</Filter>
    </ClCompile>
    <ClCompile Include="main.cpp">
      <Filter>Source Files</Filter>
    </ClCompile>
    <ClCompile Include="ResourceMatrix.h">
      <Filter>Header Files</Filter>
    </ClCompile>
  </ItemGroup>
  <ItemGroup>
    <Image Include="InfrastructureIcons.png">
      <Filter>Resource Files</Filter>
    </Image>
    <Image Include="InfrastructureAssetsV7.png">
      <Filter>Resource Files</Filter>
    </Image>
    <Image Include="menuVideoFrames\frame_000_delay-0.1s.png">
      <Filter>Resource Files\MenuVideoFrames</Filter>
    </Image>
    <Image Include="menuVideoFrames\frame_001_delay-0.1s.png">
      <Filter>Resource Files\MenuVideoFrames</Filter>
    </Image>
    <Image Include="menuVideoFrames\frame_002_delay-0.1s.png">
      <Filter>Resource Files\MenuVideoFrames</Filter>
    </Image>
    <Image Include="menuVideoFrames\frame_003_delay-0.1s.png">
      <Filter>Resource Files\MenuVideoFrames</Filter>
    </Image>
    <Image Include="menuVideoFrames\frame_004_delay-0.1s.png">
      <Filter>Resource Files\MenuVideoFrames</Filter>
    </Image>
    <Image Include="menuVideoFrames\frame_005_delay-0.1s.png">
      <Filter>Resource Files\MenuVideoFrames</Filter>
    </Image>
    <Image Include="menuVideoFrames\frame_006_delay-0.1s.png">
      <Filter>Resource Files\MenuVideoFrames</Filter>
    </Image>
    <Image Include="menuVideoFrames\frame_007_delay-0.1s.png">
      <Filter>Resource Files\MenuVideoFrames</Filter>
    </Image>
    <Image Include="menuVideoFrames\frame_008_delay-0.1s.png">
      <Filter>Resource Files\MenuVideoFrames</Filter>
    </Image>
    <Image Include="menuVideoFrames\frame_009_delay-0.1s.png">
      <Filter>Resource Files\MenuVideoFrames</Filter>
    </Image>
    <Image Include="menuVideoFrames\frame_010_delay-0.1s.png">
      <Filter>Resource Files\MenuVideoFrames</Filter>
    </Image>
    <Image Include="menuVideoFrames\frame_011_delay-0.1s.png">
      <Filter>Resource Files\MenuVideoFrames</Filter>
    </Image>
    <Image Include="menuVideoFrames\frame_012_delay-0.1s.png">
      <Filter>Resource Files\MenuVideoFrames</Filter>
    </Image>
    <Image Include="menuVideoFrames\frame_013_delay-0.1s.png">
      <Filter>Resource Files\MenuVideoFrames</Filter>
    </Image>
    <Image Include="menuVideoFrames\frame_014_delay-0.1s.png">
      <Filter>Resource Files\MenuVideoFrames</Filter>
    </Image>
    <Image Include="menuVideoFrames\frame_015_delay-0.1s.png">
      <Filter>Resource Files\MenuVideoFrames</Filter>
    </Image>
    <Image Include="menuVideoFrames\frame_016_delay-0.1s.png">
      <Filter>Resource Files\MenuVideoFrames</Filter>
    </Image>
    <Image Include="menuVideoFrames\frame_017_delay-0.1s.png">
      <Filter>Resource Files\MenuVideoFrames</Filter>
    </Image>
    <Image Include="menuVideoFrames\frame_018_delay-0.1s.png">
      <Filter>Resource Files\MenuVideoFrames</Filter>
    </Image>
    <Image Include="menuVideoFrames\frame_019_delay-0.1s.png">
      <Filter>Resource Files\MenuVideoFrames</Filter>
    </Image>
    <Image Include="menuVideoFrames\frame_020_delay-0.1s.png">
      <Filter>Resource Files\MenuVideoFrames</Filter>
    </Image>
    <Image Include="menuVideoFrames\frame_021_delay-0.1s.png">
      <Filter>Resource Files\MenuVideoFrames</Filter>
    </Image>
    <Image Include="menuVideoFrames\frame_022_delay-0.1s.png">
      <Filter>Resource Files\MenuVideoFrames</Filter>
    </Image>
    <Image Include="menuVideoFrames\frame_023_delay-0.1s.png">
      <Filter>Resource Files\MenuVideoFrames</Filter>
    </Image>
    <Image Include="menuVideoFrames\frame_024_delay-0.1s.png">
      <Filter>Resource Files\MenuVideoFrames</Filter>
    </Image>
    <Image Include="menuVideoFrames\frame_025_delay-0.1s.png">
      <Filter>Resource Files\MenuVideoFrames</Filter>
    </Image>
    <Image Include="menuVideoFrames\frame_026_delay-0.1s.png">
      <Filter>Resource Files\MenuVideoFrames</Filter>
    </Image>
    <Image Include="menuVideoFrames\frame_027_delay-0.1s.png">
      <Filter>Resource Files\MenuVideoFrames</Filter>
    </Image>
    <Image Include="menuVideoFrames\frame_028_delay-0.1s.png">
      <Filter>Resource Files\MenuVideoFrames</Filter>
    </Image>
    <Image Include="menuVideoFrames\frame_029_delay-0.1s.png">
      <Filter>Resource Files\MenuVideoFrames</Filter>
    </Image>
    <Image Include="menuVideoFrames\frame_030_delay-0.1s.png">
      <Filter>Resource Files\MenuVideoFrames</Filter>
    </Image>
    <Image Include="menuVideoFrames\frame_031_delay-0.1s.png">
      <Filter>Resource Files\MenuVideoFrames</Filter>
    </Image>
    <Image Include="menuVideoFrames\frame_032_delay-0.1s.png">
      <Filter>Resource Files\MenuVideoFrames</Filter>
    </Image>
    <Image Include="menuVideoFrames\frame_033_delay-0.1s.png">
      <Filter>Resource Files\MenuVideoFrames</Filter>
    </Image>
    <Image Include="menuVideoFrames\frame_034_delay-0.1s.png">
      <Filter>Resource Files\MenuVideoFrames</Filter>
    </Image>
    <Image Include="menuVideoFrames\frame_035_delay-0.1s.png">
      <Filter>Resource Files\MenuVideoFrames</Filter>
    </Image>
    <Image Include="menuVideoFrames\frame_036_delay-0.1s.png">
      <Filter>Resource Files\MenuVideoFrames</Filter>
    </Image>
    <Image Include="menuVideoFrames\frame_037_delay-0.1s.png">
      <Filter>Resource Files\MenuVideoFrames</Filter>
    </Image>
    <Image Include="menuVideoFrames\frame_038_delay-0.1s.png">
      <Filter>Resource Files\MenuVideoFrames</Filter>
    </Image>
    <Image Include="menuVideoFrames\frame_039_delay-0.1s.png">
      <Filter>Resource Files\MenuVideoFrames</Filter>
    </Image>
    <Image Include="menuVideoFrames\frame_040_delay-0.1s.png">
      <Filter>Resource Files\MenuVideoFrames</Filter>
    </Image>
    <Image Include="menuVideoFrames\frame_041_delay-0.1s.png">
      <Filter>Resource Files\MenuVideoFrames</Filter>
    </Image>
    <Image Include="menuVideoFrames\frame_042_delay-0.1s.png">
      <Filter>Resource Files\MenuVideoFrames</Filter>
    </Image>
    <Image Include="menuVideoFrames\frame_043_delay-0.1s.png">
      <Filter>Resource Files\MenuVideoFrames</Filter>
    </Image>
    <Image Include="menuVideoFrames\frame_044_delay-0.1s.png">
      <Filter>Resource Files\MenuVideoFrames</Filter>
    </Image>
    <Image Include="menuVideoFrames\frame_045_delay-0.1s.png">
      <Filter>Resource Files\MenuVideoFrames</Filter>
    </Image>
    <Image Include="menuVideoFrames\frame_046_delay-0.1s.png">
      <Filter>Resource Files\MenuVideoFrames</Filter>
    </Image>
    <Image Include="menuVideoFrames\frame_047_delay-0.1s.png">
      <Filter>Resource Files\MenuVideoFrames</Filter>
    </Image>
    <Image Include="menuVideoFrames\frame_048_delay-0.1s.png">
      <Filter>Resource Files\MenuVideoFrames</Filter>
    </Image>
    <Image Include="menuVideoFrames\frame_049_delay-0.1s.png">
      <Filter>Resource Files\MenuVideoFrames</Filter>
    </Image>
    <Image Include="menuVideoFrames\frame_050_delay-0.1s.png">
      <Filter>Resource Files\MenuVideoFrames</Filter>
    </Image>
    <Image Include="menuVideoFrames\frame_051_delay-0.1s.png">
      <Filter>Resource Files\MenuVideoFrames</Filter>
    </Image>
    <Image Include="menuVideoFrames\frame_052_delay-0.1s.png">
      <Filter>Resource Files\MenuVideoFrames</Filter>
    </Image>
    <Image Include="menuVideoFrames\frame_053_delay-0.1s.png">
      <Filter>Resource Files\MenuVideoFrames</Filter>
    </Image>
    <Image Include="menuVideoFrames\frame_054_delay-0.1s.png">
      <Filter>Resource Files\MenuVideoFrames</Filter>
    </Image>
    <Image Include="menuVideoFrames\frame_055_delay-0.1s.png">
      <Filter>Resource Files\MenuVideoFrames</Filter>
    </Image>
    <Image Include="menuVideoFrames\frame_056_delay-0.1s.png">
      <Filter>Resource Files\MenuVideoFrames</Filter>
    </Image>
    <Image Include="menuVideoFrames\frame_057_delay-0.1s.png">
      <Filter>Resource Files\MenuVideoFrames</Filter>
    </Image>
    <Image Include="menuVideoFrames\frame_058_delay-0.1s.png">
      <Filter>Resource Files\MenuVideoFrames</Filter>
    </Image>
    <Image Include="menuVideoFrames\frame_059_delay-0.1s.png">
      <Filter>Resource Files\MenuVideoFrames</Filter>
    </Image>
    <Image Include="menuVideoFrames\frame_060_delay-0.1s.png">
      <Filter>Resource Files\MenuVideoFrames</Filter>
    </Image>
    <Image Include="menuVideoFrames\frame_061_delay-0.1s.png">
      <Filter>Resource Files\MenuVideoFrames</Filter>
    </Image>
    <Image Include="menuVideoFrames\frame_062_delay-0.1s.png">
      <Filter>Resource Files\MenuVideoFrames</Filter>
    </Image>
    <Image Include="menuVideoFrames\frame_063_delay-0.1s.png">
      <Filter>Resource Files\MenuVideoFrames</Filter>
    </Image>
    <Image Include="menuVideoFrames\frame_064_delay-0.1s.png">
      <Filter>Resource Files\MenuVideoFrames</Filter>
    </Image>
    <Image Include="menuVideoFrames\frame_065_delay-0.1s.png">
      <Filter>Resource Files\MenuVideoFrames</Filter>
    </Image>
    <Image Include="menuVideoFrames\frame_066_delay-0.1s.png">
      <Filter>Resource Files\MenuVideoFrames</Filter>
    </Image>
    <Image Include="menuVideoFrames\frame_067_delay-0.1s.png">
      <Filter>Resource Files\MenuVideoFrames</Filter>
    </Image>
    <Image Include="menuVideoFrames\frame_068_delay-0.1s.png">
      <Filter>Resource Files\MenuVideoFrames</Filter>
    </Image>
    <Image Include="menuVideoFrames\frame_069_delay-0.1s.png">
      <Filter>Resource Files\MenuVideoFrames</Filter>
    </Image>
    <Image Include="menuVideoFrames\frame_070_delay-0.1s.png">
      <Filter>Resource Files\MenuVideoFrames</Filter>
    </Image>
    <Image Include="menuVideoFrames\frame_071_delay-0.1s.png">
      <Filter>Resource Files\MenuVideoFrames</Filter>
    </Image>
    <Image Include="menuVideoFrames\frame_072_delay-0.1s.png">
      <Filter>Resource Files\MenuVideoFrames</Filter>
    </Image>
    <Image Include="menuVideoFrames\frame_073_delay-0.1s.png">
      <Filter>Resource Files\MenuVideoFrames</Filter>
    </Image>
    <Image Include="menuVideoFrames\frame_074_delay-0.1s.png">
      <Filter>Resource Files\MenuVideoFrames</Filter>
    </Image>
    <Image Include="menuVideoFrames\frame_075_delay-0.1s.png">
      <Filter>Resource Files\MenuVideoFrames</Filter>
    </Image>
    <Image Include="menuVideoFrames\frame_076_delay-0.1s.png">
      <Filter>Resource Files\MenuVideoFrames</Filter>
    </Image>
    <Image Include="menuVideoFrames\frame_077_delay-0.1s.png">
      <Filter>Resource Files\MenuVideoFrames</Filter>
    </Image>
    <Image Include="menuVideoFrames\frame_078_delay-0.1s.png">
      <Filter>Resource Files\MenuVideoFrames</Filter>
    </Image>
    <Image Include="menuVideoFrames\frame_079_delay-0.1s.png">
      <Filter>Resource Files\MenuVideoFrames</Filter>
    </Image>
    <Image Include="menuVideoFrames\frame_080_delay-0.1s.png">
      <Filter>Resource Files\MenuVideoFrames</Filter>
    </Image>
    <Image Include="menuVideoFrames\frame_081_delay-0.1s.png">
      <Filter>Resource Files\MenuVideoFrames</Filter>
    </Image>
    <Image Include="menuVideoFrames\frame_082_delay-0.1s.png">
      <Filter>Resource Files\MenuVideoFrames</Filter>
    </Image>
    <Image Include="menuVideoFrames\frame_083_delay-0.1s.png">
      <Filter>Resource Files\MenuVideoFrames</Filter>
    </Image>
    <Image Include="menuVideoFrames\frame_084_delay-0.1s.png">
      <Filter>Resource Files\MenuVideoFrames</Filter>
    </Image>
    <Image Include="menuVideoFrames\frame_085_delay-0.1s.png">
      <Filter>Resource Files\MenuVideoFrames</Filter>
    </Image>
    <Image Include="menuVideoFrames\frame_086_delay-0.1s.png">
      <Filter>Resource Files\MenuVideoFrames</Filter>
    </Image>
    <Image Include="menuVideoFrames\frame_087_delay-0.1s.png">
      <Filter>Resource Files\MenuVideoFrames</Filter>
    </Image>
    <Image Include="menuVideoFrames\frame_088_delay-0.1s.png">
      <Filter>Resource Files\MenuVideoFrames</Filter>
    </Image>
    <Image Include="menuVideoFrames\frame_089_delay-0.1s.png">
      <Filter>Resource Files\MenuVideoFrames</Filter>
    </Image>
    <Image Include="menuVideoFrames\frame_090_delay-0.1s.png">
      <Filter>Resource Files\MenuVideoFrames</Filter>
    </Image>
    <Image Include="menuVideoFrames\frame_091_delay-0.1s.png">
      <Filter>Resource Files\MenuVideoFrames</Filter>
    </Image>
    <Image Include="menuVideoFrames\frame_092_delay-0.1s.png">
      <Filter>Resource Files\MenuVideoFrames</Filter>
    </Image>
    <Image Include="menuVideoFrames\frame_093_delay-0.1s.png">
      <Filter>Resource Files\MenuVideoFrames</Filter>
    </Image>
    <Image Include="menuVideoFrames\frame_094_delay-0.1s.png">
      <Filter>Resource Files\MenuVideoFrames</Filter>
    </Image>
    <Image Include="menuVideoFrames\frame_095_delay-0.1s.png">
      <Filter>Resource Files\MenuVideoFrames</Filter>
    </Image>
    <Image Include="menuVideoFrames\frame_096_delay-0.1s.png">
      <Filter>Resource Files\MenuVideoFrames</Filter>
    </Image>
    <Image Include="menuVideoFrames\frame_097_delay-0.1s.png">
      <Filter>Resource Files\MenuVideoFrames</Filter>
    </Image>
    <Image Include="menuVideoFrames\frame_098_delay-0.1s.png">
      <Filter>Resource Files\MenuVideoFrames</Filter>
    </Image>
    <Image Include="menuVideoFrames\frame_099_delay-0.1s.png">
      <Filter>Resource Files\MenuVideoFrames</Filter>
    </Image>
    <Image Include="menuVideoFrames\frame_100_delay-0.1s.png">
      <Filter>Resource Files\MenuVideoFrames</Filter>
    </Image>
    <Image Include="menuVideoFrames\frame_101_delay-0.1s.png">
      <Filter>Resource Files\MenuVideoFrames</Filter>
    </Image>
    <Image Include="menuVideoFrames\frame_102_delay-0.1s.png">
      <Filter>Resource Files\MenuVideoFrames</Filter>
    </Image>
    <Image Include="menuVideoFrames\frame_103_delay-0.1s.png">
      <Filter>Resource Files\MenuVideoFrames</Filter>
    </Image>
    <Image Include="menuVideoFrames\frame_104_delay-0.1s.png">
      <Filter>Resource Files\MenuVideoFrames</Filter>
    </Image>
    <Image Include="menuVideoFrames\frame_105_delay-0.1s.png">
      <Filter>Resource Files\MenuVideoFrames</Filter>
    </Image>
    <Image Include="menuVideoFrames\frame_106_delay-0.1s.png">
      <Filter>Resource Files\MenuVideoFrames</Filter>
    </Image>
    <Image Include="menuVideoFrames\frame_107_delay-0.1s.png">
      <Filter>Resource Files\MenuVideoFrames</Filter>
    </Image>
    <Image Include="menuVideoFrames\frame_108_delay-0.1s.png">
      <Filter>Resource Files\MenuVideoFrames</Filter>
    </Image>
    <Image Include="menuVideoFrames\frame_109_delay-0.1s.png">
      <Filter>Resource Files\MenuVideoFrames</Filter>
    </Image>
    <Image Include="menuVideoFrames\frame_110_delay-0.1s.png">
      <Filter>Resource Files\MenuVideoFrames</Filter>
    </Image>
    <Image Include="menuVideoFrames\frame_111_delay-0.1s.png">
      <Filter>Resource Files\MenuVideoFrames</Filter>
    </Image>
    <Image Include="menuVideoFrames\frame_112_delay-0.1s.png">
      <Filter>Resource Files\MenuVideoFrames</Filter>
    </Image>
    <Image Include="menuVideoFrames\frame_113_delay-0.1s.png">
      <Filter>Resource Files\MenuVideoFrames</Filter>
    </Image>
    <Image Include="menuVideoFrames\frame_114_delay-0.1s.png">
      <Filter>Resource Files\MenuVideoFrames</Filter>
    </Image>
    <Image Include="menuVideoFrames\frame_115_delay-0.1s.png">
      <Filter>Resource Files\MenuVideoFrames</Filter>
    </Image>
    <Image Include="menuVideoFrames\frame_116_delay-0.1s.png">
      <Filter>Resource Files\MenuVideoFrames</Filter>
    </Image>
    <Image Include="menuVideoFrames\frame_117_delay-0.1s.png">
      <Filter>Resource Files\MenuVideoFrames</Filter>
    </Image>
    <Image Include="menuVideoFrames\frame_118_delay-0.1s.png">
      <Filter>Resource Files\MenuVideoFrames</Filter>
    </Image>
    <Image Include="menuVideoFrames\frame_119_delay-0.1s.png">
      <Filter>Resource Files\MenuVideoFrames</Filter>
    </Image>
    <Image Include="menuVideoFrames\frame_120_delay-0.1s.png">
      <Filter>Resource Files\MenuVideoFrames</Filter>
    </Image>
    <Image Include="menuVideoFrames\frame_121_delay-0.1s.png">
      <Filter>Resource Files\MenuVideoFrames</Filter>
    </Image>
    <Image Include="menuVideoFrames\frame_122_delay-0.1s.png">
      <Filter>Resource Files\MenuVideoFrames</Filter>
    </Image>
    <Image Include="menuVideoFrames\frame_123_delay-0.1s.png">
      <Filter>Resource Files\MenuVideoFrames</Filter>
    </Image>
    <Image Include="menuVideoFrames\frame_124_delay-0.1s.png">
      <Filter>Resource Files\MenuVideoFrames</Filter>
    </Image>
    <Image Include="menuVideoFrames\frame_125_delay-0.1s.png">
      <Filter>Resource Files\MenuVideoFrames</Filter>
    </Image>
    <Image Include="menuVideoFrames\frame_126_delay-0.1s.png">
      <Filter>Resource Files\MenuVideoFrames</Filter>
    </Image>
    <Image Include="menuVideoFrames\frame_127_delay-0.1s.png">
      <Filter>Resource Files\MenuVideoFrames</Filter>
    </Image>
    <Image Include="menuVideoFrames\frame_128_delay-0.1s.png">
      <Filter>Resource Files\MenuVideoFrames</Filter>
    </Image>
    <Image Include="menuVideoFrames\frame_129_delay-0.1s.png">
      <Filter>Resource Files\MenuVideoFrames</Filter>
    </Image>
    <Image Include="menuVideoFrames\frame_130_delay-0.1s.png">
      <Filter>Resource Files\MenuVideoFrames</Filter>
    </Image>
    <Image Include="menuVideoFrames\frame_131_delay-0.1s.png">
      <Filter>Resource Files\MenuVideoFrames</Filter>
    </Image>
    <Image Include="menuVideoFrames\frame_132_delay-0.1s.png">
      <Filter>Resource Files\MenuVideoFrames</Filter>
    </Image>
    <Image Include="menuVideoFrames\frame_133_delay-0.1s.png">
      <Filter>Resource Files\MenuVideoFrames</Filter>
    </Image>
    <Image Include="menuVideoFrames\frame_134_delay-0.1s.png">
      <Filter>Resource Files\MenuVideoFrames</Filter>
    </Image>
    <Image Include="menuVideoFrames\frame_135_delay-0.1s.png">
      <Filter>Resource Files\MenuVideoFrames</Filter>
    </Image>
    <Image Include="menuVideoFrames\frame_136_delay-0.1s.png">
      <Filter>Resource Files\MenuVideoFrames</Filter>
    </Image>
    <Image Include="menuVideoFrames\frame_137_delay-0.1s.png">
      <Filter>Resource Files\MenuVideoFrames</Filter>
    </Image>
    <Image Include="InfrastructureLogo-min.png">
      <Filter>Resource Files</Filter>
    </Image>
    <Image Include="Arcade_Font_colorable[8x8]v3.png">
      <Filter>Resource Files</Filter>
    </Image>
  </ItemGroup>
  <ItemGroup>
    <Text Include="Scores.txt">
      <Filter>Resource Files</Filter>
    </Text>
  </ItemGroup>
  <ItemGroup>
    <Media Include="Assets\Music\MainTheme.wav">
      <Filter>Resource Files\Music</Filter>
    </Media>
  </ItemGroup>
</Project>